
Microsoft Visual Studio Solution File, Format Version 12.00
# Visual Studio Version 16
VisualStudioVersion = 25.0.1704.0
MinimumVisualStudioVersion = 10.0.40219.1
Project("{FAE04EC0-301F-11D3-BF4B-00C04F79EFBC}") = "Site", "Site\Site.csproj", "{6F27BC59-DDC2-4833-B45A-6650EA3E8664}"
EndProject
Project("{FAE04EC0-301F-11D3-BF4B-00C04F79EFBC}") = "Models", "Models\Models.csproj", "{667506F5-6F9D-4EF1-B7D2-D57860999F7C}"
EndProject
Global
	GlobalSection(SolutionConfigurationPlatforms) = preSolution
		Debug|Any CPU = Debug|Any CPU
		Release|Any CPU = Release|Any CPU
	EndGlobalSection
	GlobalSection(ProjectConfigurationPlatforms) = postSolution
		{6F27BC59-DDC2-4833-B45A-6650EA3E8664}.Debug|Any CPU.ActiveCfg = Debug|Any CPU
		{6F27BC59-DDC2-4833-B45A-6650EA3E8664}.Debug|Any CPU.Build.0 = Debug|Any CPU
		{6F27BC59-DDC2-4833-B45A-6650EA3E8664}.Release|Any CPU.ActiveCfg = Release|Any CPU
		{6F27BC59-DDC2-4833-B45A-6650EA3E8664}.Release|Any CPU.Build.0 = Release|Any CPU
		{667506F5-6F9D-4EF1-B7D2-D57860999F7C}.Debug|Any CPU.ActiveCfg = Debug|Any CPU
		{667506F5-6F9D-4EF1-B7D2-D57860999F7C}.Debug|Any CPU.Build.0 = Debug|Any CPU
		{667506F5-6F9D-4EF1-B7D2-D57860999F7C}.Release|Any CPU.ActiveCfg = Release|Any CPU
		{667506F5-6F9D-4EF1-B7D2-D57860999F7C}.Release|Any CPU.Build.0 = Release|Any CPU
	EndGlobalSection
	GlobalSection(SolutionProperties) = preSolution
		HideSolutionNode = FALSE
	EndGlobalSection
	GlobalSection(ExtensibilityGlobals) = postSolution
		SolutionGuid = {0A03A8D7-D3F5-43E5-BEB0-15FC1BECF70A}
	EndGlobalSection
EndGlobal
